
Microsoft Visual Studio Solution File, Format Version 12.00
# Visual Studio 2012
Project("{FAE04EC0-301F-11D3-BF4B-00C04F79EFBC}") = "RadioChronicle", "RadioChronicle\RadioChronicle.csproj", "{6cd890ab-5b04-47f0-bc97-606fd0f6ddaa}"
EndProject
Global
	GlobalSection(SolutionConfigurationPlatforms) = preSolution
		Debug|Any CPU = Debug|Any CPU
		Release|Any CPU = Release|Any CPU
	EndGlobalSection
	GlobalSection(ProjectConfigurationPlatforms) = postSolution
		{6CD890AB-5B04-47F0-BC97-606FD0F6DDAA}.Debug|Any CPU.ActiveCfg = Debug|Any CPU
		{6CD890AB-5B04-47F0-BC97-606FD0F6DDAA}.Debug|Any CPU.Build.0 = Debug|Any CPU
		{6CD890AB-5B04-47F0-BC97-606FD0F6DDAA}.Debug|Any CPU.Deploy.0 = Debug|Any CPU
		{6CD890AB-5B04-47F0-BC97-606FD0F6DDAA}.Release|Any CPU.ActiveCfg = Release|Any CPU
		{6CD890AB-5B04-47F0-BC97-606FD0F6DDAA}.Release|Any CPU.Build.0 = Release|Any CPU
		{6CD890AB-5B04-47F0-BC97-606FD0F6DDAA}.Release|Any CPU.Deploy.0 = Release|Any CPU
	EndGlobalSection
EndGlobal
